// !$*UTF8*$!
{
	archiveVersion = 1;
	classes = {
	};
	objectVersion = 50;
	objects = {

/* Begin PBXBuildFile section */
		B23A99FD25FC6B1900795588 /* RunBuddyWatch WatchKit App.app in Embed Watch Content */ = {isa = PBXBuildFile; fileRef = B23A99FC25FC6B1900795588 /* RunBuddyWatch WatchKit App.app */; settings = {ATTRIBUTES = (RemoveHeadersOnCopy, ); }; };
		B23A9A0225FC6B1A00795588 /* Assets.xcassets in Resources */ = {isa = PBXBuildFile; fileRef = B23A9A0125FC6B1A00795588 /* Assets.xcassets */; };
		B23A9A0925FC6B1A00795588 /* RunBuddyWatch WatchKit Extension.appex in Embed App Extensions */ = {isa = PBXBuildFile; fileRef = B23A9A0825FC6B1A00795588 /* RunBuddyWatch WatchKit Extension.appex */; settings = {ATTRIBUTES = (RemoveHeadersOnCopy, ); }; };
		B23A9A0E25FC6B1A00795588 /* ContentView.swift in Sources */ = {isa = PBXBuildFile; fileRef = B23A9A0D25FC6B1A00795588 /* ContentView.swift */; };
		B23A9A1025FC6B1A00795588 /* RunBuddyWatchApp.swift in Sources */ = {isa = PBXBuildFile; fileRef = B23A9A0F25FC6B1A00795588 /* RunBuddyWatchApp.swift */; };
		B23A9A1225FC6B1A00795588 /* ComplicationController.swift in Sources */ = {isa = PBXBuildFile; fileRef = B23A9A1125FC6B1A00795588 /* ComplicationController.swift */; };
		B23A9A1425FC6B1A00795588 /* Assets.xcassets in Resources */ = {isa = PBXBuildFile; fileRef = B23A9A1325FC6B1A00795588 /* Assets.xcassets */; };
		B23A9A1725FC6B1A00795588 /* Preview Assets.xcassets in Resources */ = {isa = PBXBuildFile; fileRef = B23A9A1625FC6B1A00795588 /* Preview Assets.xcassets */; };
		B23A9A3225FC6B7700795588 /* ActiveRun.swift in Sources */ = {isa = PBXBuildFile; fileRef = B23A9A2925FC6B7700795588 /* ActiveRun.swift */; };
		B23A9A3325FC6B7700795588 /* UIColor+Asset.swift in Sources */ = {isa = PBXBuildFile; fileRef = B23A9A2A25FC6B7700795588 /* UIColor+Asset.swift */; };
		B23A9A3425FC6B7700795588 /* RunSession.swift in Sources */ = {isa = PBXBuildFile; fileRef = B23A9A2B25FC6B7700795588 /* RunSession.swift */; };
		B23A9A3525FC6B7700795588 /* Color+Asset.swift in Sources */ = {isa = PBXBuildFile; fileRef = B23A9A2C25FC6B7700795588 /* Color+Asset.swift */; };
		B23A9A3625FC6B7700795588 /* RunData.swift in Sources */ = {isa = PBXBuildFile; fileRef = B23A9A2D25FC6B7700795588 /* RunData.swift */; };
		B23A9A3725FC6B7700795588 /* run.json in Resources */ = {isa = PBXBuildFile; fileRef = B23A9A2E25FC6B7700795588 /* run.json */; };
		B23A9A3825FC6B7700795588 /* Run.swift in Sources */ = {isa = PBXBuildFile; fileRef = B23A9A2F25FC6B7700795588 /* Run.swift */; };
		B23A9A3925FC6B7700795588 /* RunCard.swift in Sources */ = {isa = PBXBuildFile; fileRef = B23A9A3025FC6B7700795588 /* RunCard.swift */; };
		B23A9A3A25FC6B7700795588 /* Health.swift in Sources */ = {isa = PBXBuildFile; fileRef = B23A9A3125FC6B7700795588 /* Health.swift */; };
		B23A9A4125FDC79300795588 /* Assets.xcassets in Resources */ = {isa = PBXBuildFile; fileRef = B23A9A0125FC6B1A00795588 /* Assets.xcassets */; };
/* End PBXBuildFile section */

/* Begin PBXContainerItemProxy section */
		B23A99FE25FC6B1900795588 /* PBXContainerItemProxy */ = {
			isa = PBXContainerItemProxy;
			containerPortal = B23A99F225FC6B1900795588 /* Project object */;
			proxyType = 1;
			remoteGlobalIDString = B23A99FB25FC6B1900795588;
			remoteInfo = "RunBuddyWatch WatchKit App";
		};
		B23A9A0A25FC6B1A00795588 /* PBXContainerItemProxy */ = {
			isa = PBXContainerItemProxy;
			containerPortal = B23A99F225FC6B1900795588 /* Project object */;
			proxyType = 1;
			remoteGlobalIDString = B23A9A0725FC6B1A00795588;
			remoteInfo = "RunBuddyWatch WatchKit Extension";
		};
/* End PBXContainerItemProxy section */

/* Begin PBXCopyFilesBuildPhase section */
		B23A9A1E25FC6B1A00795588 /* Embed App Extensions */ = {
			isa = PBXCopyFilesBuildPhase;
			buildActionMask = 2147483647;
			dstPath = "";
			dstSubfolderSpec = 13;
			files = (
				B23A9A0925FC6B1A00795588 /* RunBuddyWatch WatchKit Extension.appex in Embed App Extensions */,
			);
			name = "Embed App Extensions";
			runOnlyForDeploymentPostprocessing = 0;
		};
		B23A9A2225FC6B1A00795588 /* Embed Watch Content */ = {
			isa = PBXCopyFilesBuildPhase;
			buildActionMask = 2147483647;
			dstPath = "$(CONTENTS_FOLDER_PATH)/Watch";
			dstSubfolderSpec = 16;
			files = (
				B23A99FD25FC6B1900795588 /* RunBuddyWatch WatchKit App.app in Embed Watch Content */,
			);
			name = "Embed Watch Content";
			runOnlyForDeploymentPostprocessing = 0;
		};
/* End PBXCopyFilesBuildPhase section */

/* Begin PBXFileReference section */
		B23A99F825FC6B1900795588 /* RunBuddyWatch.app */ = {isa = PBXFileReference; explicitFileType = wrapper.application; includeInIndex = 0; path = RunBuddyWatch.app; sourceTree = BUILT_PRODUCTS_DIR; };
		B23A99FC25FC6B1900795588 /* RunBuddyWatch WatchKit App.app */ = {isa = PBXFileReference; explicitFileType = wrapper.application; includeInIndex = 0; path = "RunBuddyWatch WatchKit App.app"; sourceTree = BUILT_PRODUCTS_DIR; };
		B23A9A0125FC6B1A00795588 /* Assets.xcassets */ = {isa = PBXFileReference; lastKnownFileType = folder.assetcatalog; path = Assets.xcassets; sourceTree = "<group>"; };
		B23A9A0325FC6B1A00795588 /* Info.plist */ = {isa = PBXFileReference; lastKnownFileType = text.plist.xml; path = Info.plist; sourceTree = "<group>"; };
		B23A9A0825FC6B1A00795588 /* RunBuddyWatch WatchKit Extension.appex */ = {isa = PBXFileReference; explicitFileType = "wrapper.app-extension"; includeInIndex = 0; path = "RunBuddyWatch WatchKit Extension.appex"; sourceTree = BUILT_PRODUCTS_DIR; };
		B23A9A0D25FC6B1A00795588 /* ContentView.swift */ = {isa = PBXFileReference; lastKnownFileType = sourcecode.swift; path = ContentView.swift; sourceTree = "<group>"; };
		B23A9A0F25FC6B1A00795588 /* RunBuddyWatchApp.swift */ = {isa = PBXFileReference; lastKnownFileType = sourcecode.swift; path = RunBuddyWatchApp.swift; sourceTree = "<group>"; };
		B23A9A1125FC6B1A00795588 /* ComplicationController.swift */ = {isa = PBXFileReference; lastKnownFileType = sourcecode.swift; path = ComplicationController.swift; sourceTree = "<group>"; };
		B23A9A1325FC6B1A00795588 /* Assets.xcassets */ = {isa = PBXFileReference; lastKnownFileType = folder.assetcatalog; path = Assets.xcassets; sourceTree = "<group>"; };
		B23A9A1625FC6B1A00795588 /* Preview Assets.xcassets */ = {isa = PBXFileReference; lastKnownFileType = folder.assetcatalog; path = "Preview Assets.xcassets"; sourceTree = "<group>"; };
		B23A9A1825FC6B1A00795588 /* Info.plist */ = {isa = PBXFileReference; lastKnownFileType = text.plist.xml; path = Info.plist; sourceTree = "<group>"; };
		B23A9A2925FC6B7700795588 /* ActiveRun.swift */ = {isa = PBXFileReference; fileEncoding = 4; lastKnownFileType = sourcecode.swift; path = ActiveRun.swift; sourceTree = "<group>"; };
		B23A9A2A25FC6B7700795588 /* UIColor+Asset.swift */ = {isa = PBXFileReference; fileEncoding = 4; lastKnownFileType = sourcecode.swift; path = "UIColor+Asset.swift"; sourceTree = "<group>"; };
		B23A9A2B25FC6B7700795588 /* RunSession.swift */ = {isa = PBXFileReference; fileEncoding = 4; lastKnownFileType = sourcecode.swift; path = RunSession.swift; sourceTree = "<group>"; };
		B23A9A2C25FC6B7700795588 /* Color+Asset.swift */ = {isa = PBXFileReference; fileEncoding = 4; lastKnownFileType = sourcecode.swift; path = "Color+Asset.swift"; sourceTree = "<group>"; };
		B23A9A2D25FC6B7700795588 /* RunData.swift */ = {isa = PBXFileReference; fileEncoding = 4; lastKnownFileType = sourcecode.swift; path = RunData.swift; sourceTree = "<group>"; };
		B23A9A2E25FC6B7700795588 /* run.json */ = {isa = PBXFileReference; fileEncoding = 4; lastKnownFileType = text.json; path = run.json; sourceTree = "<group>"; };
		B23A9A2F25FC6B7700795588 /* Run.swift */ = {isa = PBXFileReference; fileEncoding = 4; lastKnownFileType = sourcecode.swift; path = Run.swift; sourceTree = "<group>"; };
		B23A9A3025FC6B7700795588 /* RunCard.swift */ = {isa = PBXFileReference; fileEncoding = 4; lastKnownFileType = sourcecode.swift; path = RunCard.swift; sourceTree = "<group>"; };
		B23A9A3125FC6B7700795588 /* Health.swift */ = {isa = PBXFileReference; fileEncoding = 4; lastKnownFileType = sourcecode.swift; path = Health.swift; sourceTree = "<group>"; };
/* End PBXFileReference section */

/* Begin PBXFrameworksBuildPhase section */
		B23A9A0525FC6B1A00795588 /* Frameworks */ = {
			isa = PBXFrameworksBuildPhase;
			buildActionMask = 2147483647;
			files = (
			);
			runOnlyForDeploymentPostprocessing = 0;
		};
/* End PBXFrameworksBuildPhase section */

/* Begin PBXGroup section */
		B23A99F125FC6B1900795588 = {
			isa = PBXGroup;
			children = (
				B23A9A0025FC6B1900795588 /* RunBuddyWatch WatchKit App */,
				B23A9A0C25FC6B1A00795588 /* RunBuddyWatch WatchKit Extension */,
				B23A99F925FC6B1900795588 /* Products */,
			);
			sourceTree = "<group>";
		};
		B23A99F925FC6B1900795588 /* Products */ = {
			isa = PBXGroup;
			children = (
				B23A99F825FC6B1900795588 /* RunBuddyWatch.app */,
				B23A99FC25FC6B1900795588 /* RunBuddyWatch WatchKit App.app */,
				B23A9A0825FC6B1A00795588 /* RunBuddyWatch WatchKit Extension.appex */,
			);
			name = Products;
			sourceTree = "<group>";
		};
		B23A9A0025FC6B1900795588 /* RunBuddyWatch WatchKit App */ = {
			isa = PBXGroup;
			children = (
				B23A9A0125FC6B1A00795588 /* Assets.xcassets */,
				B23A9A0325FC6B1A00795588 /* Info.plist */,
			);
			path = "RunBuddyWatch WatchKit App";
			sourceTree = "<group>";
		};
		B23A9A0C25FC6B1A00795588 /* RunBuddyWatch WatchKit Extension */ = {
			isa = PBXGroup;
			children = (
				B23A9A0F25FC6B1A00795588 /* RunBuddyWatchApp.swift */,
				B23A9A0D25FC6B1A00795588 /* ContentView.swift */,
				B23A9A1125FC6B1A00795588 /* ComplicationController.swift */,
				B23A9A2C25FC6B7700795588 /* Color+Asset.swift */,
				B23A9A3125FC6B7700795588 /* Health.swift */,
				B23A9A2E25FC6B7700795588 /* run.json */,
				B23A9A2F25FC6B7700795588 /* Run.swift */,
				B23A9A3025FC6B7700795588 /* RunCard.swift */,
				B23A9A2925FC6B7700795588 /* ActiveRun.swift */,
				B23A9A2D25FC6B7700795588 /* RunData.swift */,
				B23A9A2B25FC6B7700795588 /* RunSession.swift */,
				B23A9A2A25FC6B7700795588 /* UIColor+Asset.swift */,
				B23A9A1325FC6B1A00795588 /* Assets.xcassets */,
				B23A9A1825FC6B1A00795588 /* Info.plist */,
				B23A9A1525FC6B1A00795588 /* Preview Content */,
			);
			path = "RunBuddyWatch WatchKit Extension";
			sourceTree = "<group>";
		};
		B23A9A1525FC6B1A00795588 /* Preview Content */ = {
			isa = PBXGroup;
			children = (
				B23A9A1625FC6B1A00795588 /* Preview Assets.xcassets */,
			);
			path = "Preview Content";
			sourceTree = "<group>";
		};
/* End PBXGroup section */

/* Begin PBXNativeTarget section */
		B23A99F725FC6B1900795588 /* RunBuddyWatch */ = {
			isa = PBXNativeTarget;
			buildConfigurationList = B23A9A2325FC6B1A00795588 /* Build configuration list for PBXNativeTarget "RunBuddyWatch" */;
			buildPhases = (
				B23A99F625FC6B1900795588 /* Resources */,
				B23A9A2225FC6B1A00795588 /* Embed Watch Content */,
			);
			buildRules = (
			);
			dependencies = (
				B23A99FF25FC6B1900795588 /* PBXTargetDependency */,
			);
			name = RunBuddyWatch;
			productName = RunBuddyWatch;
			productReference = B23A99F825FC6B1900795588 /* RunBuddyWatch.app */;
			productType = "com.apple.product-type.application.watchapp2-container";
		};
		B23A99FB25FC6B1900795588 /* RunBuddyWatch WatchKit App */ = {
			isa = PBXNativeTarget;
			buildConfigurationList = B23A9A1F25FC6B1A00795588 /* Build configuration list for PBXNativeTarget "RunBuddyWatch WatchKit App" */;
			buildPhases = (
				B23A99FA25FC6B1900795588 /* Resources */,
				B23A9A1E25FC6B1A00795588 /* Embed App Extensions */,
			);
			buildRules = (
			);
			dependencies = (
				B23A9A0B25FC6B1A00795588 /* PBXTargetDependency */,
			);
			name = "RunBuddyWatch WatchKit App";
			productName = "RunBuddyWatch WatchKit App";
			productReference = B23A99FC25FC6B1900795588 /* RunBuddyWatch WatchKit App.app */;
			productType = "com.apple.product-type.application.watchapp2";
		};
		B23A9A0725FC6B1A00795588 /* RunBuddyWatch WatchKit Extension */ = {
			isa = PBXNativeTarget;
			buildConfigurationList = B23A9A1B25FC6B1A00795588 /* Build configuration list for PBXNativeTarget "RunBuddyWatch WatchKit Extension" */;
			buildPhases = (
				B23A9A0425FC6B1A00795588 /* Sources */,
				B23A9A0525FC6B1A00795588 /* Frameworks */,
				B23A9A0625FC6B1A00795588 /* Resources */,
			);
			buildRules = (
			);
			dependencies = (
			);
			name = "RunBuddyWatch WatchKit Extension";
			productName = "RunBuddyWatch WatchKit Extension";
			productReference = B23A9A0825FC6B1A00795588 /* RunBuddyWatch WatchKit Extension.appex */;
			productType = "com.apple.product-type.watchkit2-extension";
		};
/* End PBXNativeTarget section */

/* Begin PBXProject section */
		B23A99F225FC6B1900795588 /* Project object */ = {
			isa = PBXProject;
			attributes = {
				LastSwiftUpdateCheck = 1240;
				LastUpgradeCheck = 1240;
				TargetAttributes = {
					B23A99F725FC6B1900795588 = {
						CreatedOnToolsVersion = 12.4;
					};
					B23A99FB25FC6B1900795588 = {
						CreatedOnToolsVersion = 12.4;
					};
					B23A9A0725FC6B1A00795588 = {
						CreatedOnToolsVersion = 12.4;
					};
				};
			};
			buildConfigurationList = B23A99F525FC6B1900795588 /* Build configuration list for PBXProject "RunBuddyWatch" */;
			compatibilityVersion = "Xcode 9.3";
			developmentRegion = en;
			hasScannedForEncodings = 0;
			knownRegions = (
				en,
				Base,
			);
			mainGroup = B23A99F125FC6B1900795588;
			productRefGroup = B23A99F925FC6B1900795588 /* Products */;
			projectDirPath = "";
			projectRoot = "";
			targets = (
				B23A99F725FC6B1900795588 /* RunBuddyWatch */,
				B23A99FB25FC6B1900795588 /* RunBuddyWatch WatchKit App */,
				B23A9A0725FC6B1A00795588 /* RunBuddyWatch WatchKit Extension */,
			);
		};
/* End PBXProject section */

/* Begin PBXResourcesBuildPhase section */
		B23A99F625FC6B1900795588 /* Resources */ = {
			isa = PBXResourcesBuildPhase;
			buildActionMask = 2147483647;
			files = (
			);
			runOnlyForDeploymentPostprocessing = 0;
		};
		B23A99FA25FC6B1900795588 /* Resources */ = {
			isa = PBXResourcesBuildPhase;
			buildActionMask = 2147483647;
			files = (
				B23A9A0225FC6B1A00795588 /* Assets.xcassets in Resources */,
			);
			runOnlyForDeploymentPostprocessing = 0;
		};
		B23A9A0625FC6B1A00795588 /* Resources */ = {
			isa = PBXResourcesBuildPhase;
			buildActionMask = 2147483647;
			files = (
				B23A9A1725FC6B1A00795588 /* Preview Assets.xcassets in Resources */,
				B23A9A1425FC6B1A00795588 /* Assets.xcassets in Resources */,
				B23A9A4125FDC79300795588 /* Assets.xcassets in Resources */,
				B23A9A3725FC6B7700795588 /* run.json in Resources */,
			);
			runOnlyForDeploymentPostprocessing = 0;
		};
/* End PBXResourcesBuildPhase section */

/* Begin PBXSourcesBuildPhase section */
		B23A9A0425FC6B1A00795588 /* Sources */ = {
			isa = PBXSourcesBuildPhase;
			buildActionMask = 2147483647;
			files = (
				B23A9A3A25FC6B7700795588 /* Health.swift in Sources */,
				B23A9A1025FC6B1A00795588 /* RunBuddyWatchApp.swift in Sources */,
				B23A9A3825FC6B7700795588 /* Run.swift in Sources */,
				B23A9A3525FC6B7700795588 /* Color+Asset.swift in Sources */,
				B23A9A3925FC6B7700795588 /* RunCard.swift in Sources */,
				B23A9A3325FC6B7700795588 /* UIColor+Asset.swift in Sources */,
				B23A9A0E25FC6B1A00795588 /* ContentView.swift in Sources */,
				B23A9A1225FC6B1A00795588 /* ComplicationController.swift in Sources */,
				B23A9A3425FC6B7700795588 /* RunSession.swift in Sources */,
				B23A9A3225FC6B7700795588 /* ActiveRun.swift in Sources */,
				B23A9A3625FC6B7700795588 /* RunData.swift in Sources */,
			);
			runOnlyForDeploymentPostprocessing = 0;
		};
/* End PBXSourcesBuildPhase section */

/* Begin PBXTargetDependency section */
		B23A99FF25FC6B1900795588 /* PBXTargetDependency */ = {
			isa = PBXTargetDependency;
			target = B23A99FB25FC6B1900795588 /* RunBuddyWatch WatchKit App */;
			targetProxy = B23A99FE25FC6B1900795588 /* PBXContainerItemProxy */;
		};
		B23A9A0B25FC6B1A00795588 /* PBXTargetDependency */ = {
			isa = PBXTargetDependency;
			target = B23A9A0725FC6B1A00795588 /* RunBuddyWatch WatchKit Extension */;
			targetProxy = B23A9A0A25FC6B1A00795588 /* PBXContainerItemProxy */;
		};
/* End PBXTargetDependency section */

/* Begin XCBuildConfiguration section */
		B23A9A1925FC6B1A00795588 /* Debug */ = {
			isa = XCBuildConfiguration;
			buildSettings = {
				ALWAYS_SEARCH_USER_PATHS = NO;
				CLANG_ANALYZER_NONNULL = YES;
				CLANG_ANALYZER_NUMBER_OBJECT_CONVERSION = YES_AGGRESSIVE;
				CLANG_CXX_LANGUAGE_STANDARD = "gnu++14";
				CLANG_CXX_LIBRARY = "libc++";
				CLANG_ENABLE_MODULES = YES;
				CLANG_ENABLE_OBJC_ARC = YES;
				CLANG_ENABLE_OBJC_WEAK = YES;
				CLANG_WARN_BLOCK_CAPTURE_AUTORELEASING = YES;
				CLANG_WARN_BOOL_CONVERSION = YES;
				CLANG_WARN_COMMA = YES;
				CLANG_WARN_CONSTANT_CONVERSION = YES;
				CLANG_WARN_DEPRECATED_OBJC_IMPLEMENTATIONS = YES;
				CLANG_WARN_DIRECT_OBJC_ISA_USAGE = YES_ERROR;
				CLANG_WARN_DOCUMENTATION_COMMENTS = YES;
				CLANG_WARN_EMPTY_BODY = YES;
				CLANG_WARN_ENUM_CONVERSION = YES;
				CLANG_WARN_INFINITE_RECURSION = YES;
				CLANG_WARN_INT_CONVERSION = YES;
				CLANG_WARN_NON_LITERAL_NULL_CONVERSION = YES;
				CLANG_WARN_OBJC_IMPLICIT_RETAIN_SELF = YES;
				CLANG_WARN_OBJC_LITERAL_CONVERSION = YES;
				CLANG_WARN_OBJC_ROOT_CLASS = YES_ERROR;
				CLANG_WARN_QUOTED_INCLUDE_IN_FRAMEWORK_HEADER = YES;
				CLANG_WARN_RANGE_LOOP_ANALYSIS = YES;
				CLANG_WARN_STRICT_PROTOTYPES = YES;
				CLANG_WARN_SUSPICIOUS_MOVE = YES;
				CLANG_WARN_UNGUARDED_AVAILABILITY = YES_AGGRESSIVE;
				CLANG_WARN_UNREACHABLE_CODE = YES;
				CLANG_WARN__DUPLICATE_METHOD_MATCH = YES;
				COPY_PHASE_STRIP = NO;
				DEBUG_INFORMATION_FORMAT = dwarf;
				ENABLE_STRICT_OBJC_MSGSEND = YES;
				ENABLE_TESTABILITY = YES;
				GCC_C_LANGUAGE_STANDARD = gnu11;
				GCC_DYNAMIC_NO_PIC = NO;
				GCC_NO_COMMON_BLOCKS = YES;
				GCC_OPTIMIZATION_LEVEL = 0;
				GCC_PREPROCESSOR_DEFINITIONS = (
					"DEBUG=1",
					"$(inherited)",
				);
				GCC_WARN_64_TO_32_BIT_CONVERSION = YES;
				GCC_WARN_ABOUT_RETURN_TYPE = YES_ERROR;
				GCC_WARN_UNDECLARED_SELECTOR = YES;
				GCC_WARN_UNINITIALIZED_AUTOS = YES_AGGRESSIVE;
				GCC_WARN_UNUSED_FUNCTION = YES;
				GCC_WARN_UNUSED_VARIABLE = YES;
				MTL_ENABLE_DEBUG_INFO = INCLUDE_SOURCE;
				MTL_FAST_MATH = YES;
				ONLY_ACTIVE_ARCH = YES;
				SDKROOT = iphoneos;
				SWIFT_ACTIVE_COMPILATION_CONDITIONS = DEBUG;
				SWIFT_OPTIMIZATION_LEVEL = "-Onone";
			};
			name = Debug;
		};
		B23A9A1A25FC6B1A00795588 /* Release */ = {
			isa = XCBuildConfiguration;
			buildSettings = {
				ALWAYS_SEARCH_USER_PATHS = NO;
				CLANG_ANALYZER_NONNULL = YES;
				CLANG_ANALYZER_NUMBER_OBJECT_CONVERSION = YES_AGGRESSIVE;
				CLANG_CXX_LANGUAGE_STANDARD = "gnu++14";
				CLANG_CXX_LIBRARY = "libc++";
				CLANG_ENABLE_MODULES = YES;
				CLANG_ENABLE_OBJC_ARC = YES;
				CLANG_ENABLE_OBJC_WEAK = YES;
				CLANG_WARN_BLOCK_CAPTURE_AUTORELEASING = YES;
				CLANG_WARN_BOOL_CONVERSION = YES;
				CLANG_WARN_COMMA = YES;
				CLANG_WARN_CONSTANT_CONVERSION = YES;
				CLANG_WARN_DEPRECATED_OBJC_IMPLEMENTATIONS = YES;
				CLANG_WARN_DIRECT_OBJC_ISA_USAGE = YES_ERROR;
				CLANG_WARN_DOCUMENTATION_COMMENTS = YES;
				CLANG_WARN_EMPTY_BODY = YES;
				CLANG_WARN_ENUM_CONVERSION = YES;
				CLANG_WARN_INFINITE_RECURSION = YES;
				CLANG_WARN_INT_CONVERSION = YES;
				CLANG_WARN_NON_LITERAL_NULL_CONVERSION = YES;
				CLANG_WARN_OBJC_IMPLICIT_RETAIN_SELF = YES;
				CLANG_WARN_OBJC_LITERAL_CONVERSION = YES;
				CLANG_WARN_OBJC_ROOT_CLASS = YES_ERROR;
				CLANG_WARN_QUOTED_INCLUDE_IN_FRAMEWORK_HEADER = YES;
				CLANG_WARN_RANGE_LOOP_ANALYSIS = YES;
				CLANG_WARN_STRICT_PROTOTYPES = YES;
				CLANG_WARN_SUSPICIOUS_MOVE = YES;
				CLANG_WARN_UNGUARDED_AVAILABILITY = YES_AGGRESSIVE;
				CLANG_WARN_UNREACHABLE_CODE = YES;
				CLANG_WARN__DUPLICATE_METHOD_MATCH = YES;
				COPY_PHASE_STRIP = NO;
				DEBUG_INFORMATION_FORMAT = "dwarf-with-dsym";
				ENABLE_NS_ASSERTIONS = NO;
				ENABLE_STRICT_OBJC_MSGSEND = YES;
				GCC_C_LANGUAGE_STANDARD = gnu11;
				GCC_NO_COMMON_BLOCKS = YES;
				GCC_WARN_64_TO_32_BIT_CONVERSION = YES;
				GCC_WARN_ABOUT_RETURN_TYPE = YES_ERROR;
				GCC_WARN_UNDECLARED_SELECTOR = YES;
				GCC_WARN_UNINITIALIZED_AUTOS = YES_AGGRESSIVE;
				GCC_WARN_UNUSED_FUNCTION = YES;
				GCC_WARN_UNUSED_VARIABLE = YES;
				MTL_ENABLE_DEBUG_INFO = NO;
				MTL_FAST_MATH = YES;
				SDKROOT = iphoneos;
				SWIFT_COMPILATION_MODE = wholemodule;
				SWIFT_OPTIMIZATION_LEVEL = "-O";
				VALIDATE_PRODUCT = YES;
			};
			name = Release;
		};
		B23A9A1C25FC6B1A00795588 /* Debug */ = {
			isa = XCBuildConfiguration;
			buildSettings = {
				ASSETCATALOG_COMPILER_COMPLICATION_NAME = Complication;
				CODE_SIGN_STYLE = Automatic;
				DEVELOPMENT_ASSET_PATHS = "\"RunBuddyWatch WatchKit Extension/Preview Content\"";
				DEVELOPMENT_TEAM = K2DYHV494C;
				ENABLE_PREVIEWS = YES;
				INFOPLIST_FILE = "RunBuddyWatch WatchKit Extension/Info.plist";
				LD_RUNPATH_SEARCH_PATHS = (
					"$(inherited)",
					"@executable_path/Frameworks",
					"@executable_path/../../Frameworks",
				);
				PRODUCT_BUNDLE_IDENTIFIER = com.lazygardener.RunBuddyWatch.watchkitapp.watchkitextension;
				PRODUCT_NAME = "${TARGET_NAME}";
				SDKROOT = watchos;
				SKIP_INSTALL = YES;
				SWIFT_VERSION = 5.0;
				TARGETED_DEVICE_FAMILY = 4;
				WATCHOS_DEPLOYMENT_TARGET = 7.2;
			};
			name = Debug;
		};
		B23A9A1D25FC6B1A00795588 /* Release */ = {
			isa = XCBuildConfiguration;
			buildSettings = {
				ASSETCATALOG_COMPILER_COMPLICATION_NAME = Complication;
				CODE_SIGN_STYLE = Automatic;
				DEVELOPMENT_ASSET_PATHS = "\"RunBuddyWatch WatchKit Extension/Preview Content\"";
				DEVELOPMENT_TEAM = K2DYHV494C;
				ENABLE_PREVIEWS = YES;
				INFOPLIST_FILE = "RunBuddyWatch WatchKit Extension/Info.plist";
				LD_RUNPATH_SEARCH_PATHS = (
					"$(inherited)",
					"@executable_path/Frameworks",
					"@executable_path/../../Frameworks",
				);
				PRODUCT_BUNDLE_IDENTIFIER = com.lazygardener.RunBuddyWatch.watchkitapp.watchkitextension;
				PRODUCT_NAME = "${TARGET_NAME}";
				SDKROOT = watchos;
				SKIP_INSTALL = YES;
				SWIFT_VERSION = 5.0;
				TARGETED_DEVICE_FAMILY = 4;
				WATCHOS_DEPLOYMENT_TARGET = 7.2;
			};
			name = Release;
		};
		B23A9A2025FC6B1A00795588 /* Debug */ = {
			isa = XCBuildConfiguration;
			buildSettings = {
				ALWAYS_EMBED_SWIFT_STANDARD_LIBRARIES = YES;
				ASSETCATALOG_COMPILER_APPICON_NAME = AppIcon;
				ASSETCATALOG_COMPILER_GLOBAL_ACCENT_COLOR_NAME = AccentColor;
				CODE_SIGN_STYLE = Automatic;
				DEVELOPMENT_TEAM = K2DYHV494C;
				IBSC_MODULE = RunBuddyWatch_WatchKit_Extension;
				INFOPLIST_FILE = "RunBuddyWatch WatchKit App/Info.plist";
				PRODUCT_BUNDLE_IDENTIFIER = com.lazygardener.RunBuddyWatch.watchkitapp;
				PRODUCT_NAME = "$(TARGET_NAME)";
				SDKROOT = watchos;
				SKIP_INSTALL = YES;
				SWIFT_VERSION = 5.0;
				TARGETED_DEVICE_FAMILY = 4;
				WATCHOS_DEPLOYMENT_TARGET = 7.2;
			};
			name = Debug;
		};
		B23A9A2125FC6B1A00795588 /* Release */ = {
			isa = XCBuildConfiguration;
			buildSettings = {
				ALWAYS_EMBED_SWIFT_STANDARD_LIBRARIES = YES;
				ASSETCATALOG_COMPILER_APPICON_NAME = AppIcon;
				ASSETCATALOG_COMPILER_GLOBAL_ACCENT_COLOR_NAME = AccentColor;
				CODE_SIGN_STYLE = Automatic;
				DEVELOPMENT_TEAM = K2DYHV494C;
				IBSC_MODULE = RunBuddyWatch_WatchKit_Extension;
				INFOPLIST_FILE = "RunBuddyWatch WatchKit App/Info.plist";
				PRODUCT_BUNDLE_IDENTIFIER = com.lazygardener.RunBuddyWatch.watchkitapp;
				PRODUCT_NAME = "$(TARGET_NAME)";
				SDKROOT = watchos;
				SKIP_INSTALL = YES;
				SWIFT_VERSION = 5.0;
				TARGETED_DEVICE_FAMILY = 4;
				WATCHOS_DEPLOYMENT_TARGET = 7.2;
			};
			name = Release;
		};
		B23A9A2425FC6B1A00795588 /* Debug */ = {
			isa = XCBuildConfiguration;
			buildSettings = {
				CODE_SIGN_STYLE = Automatic;
				CURRENT_PROJECT_VERSION = 1;
				DEVELOPMENT_TEAM = K2DYHV494C;
				MARKETING_VERSION = 1.0;
				PRODUCT_BUNDLE_IDENTIFIER = com.lazygardener.RunBuddyWatch;
				PRODUCT_NAME = "$(TARGET_NAME)";
				SWIFT_VERSION = 5.0;
			};
			name = Debug;
		};
		B23A9A2525FC6B1A00795588 /* Release */ = {
			isa = XCBuildConfiguration;
			buildSettings = {
				CODE_SIGN_STYLE = Automatic;
				CURRENT_PROJECT_VERSION = 1;
				DEVELOPMENT_TEAM = K2DYHV494C;
				MARKETING_VERSION = 1.0;
				PRODUCT_BUNDLE_IDENTIFIER = com.lazygardener.RunBuddyWatch;
				PRODUCT_NAME = "$(TARGET_NAME)";
				SWIFT_VERSION = 5.0;
			};
			name = Release;
		};
/* End XCBuildConfiguration section */

/* Begin XCConfigurationList section */
		B23A99F525FC6B1900795588 /* Build configuration list for PBXProject "RunBuddyWatch" */ = {
			isa = XCConfigurationList;
			buildConfigurations = (
				B23A9A1925FC6B1A00795588 /* Debug */,
				B23A9A1A25FC6B1A00795588 /* Release */,
			);
			defaultConfigurationIsVisible = 0;
			defaultConfigurationName = Release;
		};
		B23A9A1B25FC6B1A00795588 /* Build configuration list for PBXNativeTarget "RunBuddyWatch WatchKit Extension" */ = {
			isa = XCConfigurationList;
			buildConfigurations = (
				B23A9A1C25FC6B1A00795588 /* Debug */,
				B23A9A1D25FC6B1A00795588 /* Release */,
			);
			defaultConfigurationIsVisible = 0;
			defaultConfigurationName = Release;
		};
		B23A9A1F25FC6B1A00795588 /* Build configuration list for PBXNativeTarget "RunBuddyWatch WatchKit App" */ = {
			isa = XCConfigurationList;
			buildConfigurations = (
				B23A9A2025FC6B1A00795588 /* Debug */,
				B23A9A2125FC6B1A00795588 /* Release */,
			);
			defaultConfigurationIsVisible = 0;
			defaultConfigurationName = Release;
		};
		B23A9A2325FC6B1A00795588 /* Build configuration list for PBXNativeTarget "RunBuddyWatch" */ = {
			isa = XCConfigurationList;
			buildConfigurations = (
				B23A9A2425FC6B1A00795588 /* Debug */,
				B23A9A2525FC6B1A00795588 /* Release */,
			);
			defaultConfigurationIsVisible = 0;
			defaultConfigurationName = Release;
		};
/* End XCConfigurationList section */
	};
	rootObject = B23A99F225FC6B1900795588 /* Project object */;
}
